PODS:
  - banuba_sdk (3.1.0):
    - BNBSdkApi (~> 1.18.0)
    - Flutter
  - BNBBackground (1.18.0):
    - BNBEffectPlayer (= 1.18.0)
    - BNBScripting (= 1.18.0)
    - BNBSdkCore (= 1.18.0)
  - BNBEffectPlayer (1.18.0)
  - BNBFaceTracker (1.18.0):
    - BNBEffectPlayer (= 1.18.0)
    - BNBScripting (= 1.18.0)
    - BNBSdkCore (= 1.18.0)
  - BNBScripting (1.18.0)
  - BNBSdkApi (1.18.0):
    - BNBSdkCore (= 1.18.0)
  - BNBSdkCore (1.18.0)
  - Flutter (1.0.0)
  - image_picker_ios (0.0.1):
    - Flutter
  - path_provider_foundation (0.0.1):
    - Flutter
    - FlutterMacOS
  - permission_handler_apple (9.3.0):
    - Flutter

DEPENDENCIES:
  - banuba_sdk (from `.symlinks/plugins/banuba_sdk/ios`)
  - BNBBackground (~> 1.18.0)
  - BNBFaceTracker (~> 1.18.0)
  - Flutter (from `Flutter`)
  - image_picker_ios (from `.symlinks/plugins/image_picker_ios/ios`)
  - path_provider_foundation (from `.symlinks/plugins/path_provider_foundation/darwin`)
  - permission_handler_apple (from `.symlinks/plugins/permission_handler_apple/ios`)

SPEC REPOS:
  https://github.com/sdk-banuba/banuba-sdk-podspecs.git:
    - BNBBackground
    - BNBEffectPlayer
    - BNBFaceTracker
    - BNBScripting
    - BNBSdkApi
    - BNBSdkCore

EXTERNAL SOURCES:
  banuba_sdk:
    :path: ".symlinks/plugins/banuba_sdk/ios"
  Flutter:
    :path: Flutter
  image_picker_ios:
    :path: ".symlinks/plugins/image_picker_ios/ios"
  path_provider_foundation:
    :path: ".symlinks/plugins/path_provider_foundation/darwin"
  permission_handler_apple:
    :path: ".symlinks/plugins/permission_handler_apple/ios"

SPEC CHECKSUMS:
  banuba_sdk: 002d04b654433bd6503363ec8125c716083b504e
  BNBBackground: 876aafe44c28da5202a8fc6eb222bccd59920b6b
  BNBEffectPlayer: d02533930e139aa7443cc48bf04b4e212f93b767
  BNBFaceTracker: a808fdab4cd9caf650200246195eb74fd0f147d6
  BNBScripting: 619686ec2ee1fb109c255a55578fddd86011a137
  BNBSdkApi: cfbd9c48931b220c926d9d83ac684fa865b2a366
  BNBSdkCore: 2cb98e883775749f7de2a386dfa84b69f0731794
  Flutter: e0871f40cf51350855a761d2e70bf5af5b9b5de7
  image_picker_ios: 7fe1ff8e34c1790d6fff70a32484959f563a928a
  path_provider_foundation: 080d55be775b7414fd5a5ef3ac137b97b097e564
  permission_handler_apple: 4ed2196e43d0651e8ff7ca3483a069d469701f2d

PODFILE CHECKSUM: 570f50810f2d88ca4a9b5f1b04fbb9e5a3339626

COCOAPODS: 1.16.2
