PODS:
  - banuba_sdk (2.1.0):
    - BNBAcneEyebagsRemoval (= 1.11.0)
    - BNBBackground (= 1.11.0)
    - BNBBody (= 1.11.0)
    - BNBEffectPlayer (= 1.11.0)
    - BNBEyes (= 1.11.0)
    - BNBFaceTracker (= 1.11.0)
    - BNBFaceTrackerLite (= 1.11.0)
    - BNBHair (= 1.11.0)
    - BNBHands (= 1.11.0)
    - BNBLips (= 1.11.0)
    - BNBNeurobeautyMakeup (= 1.11.0)
    - BNBOcclusion (= 1.11.0)
    - BNBScripting (= 1.11.0)
    - BNBSdkApi (= 1.11.0)
    - BNBSdkCore (= 1.11.0)
    - BNBSkin (= 1.11.0)
    - BNBWatch (= 1.11.0)
    - Flutter
  - BNBAcneEyebagsRemoval (1.11.0):
    - BNBEffectPlayer (= 1.11.0)
    - BNBFaceTracker (= 1.11.0)
    - BNBScripting (= 1.11.0)
    - BNBSdkCore (= 1.11.0)
  - BNBBackground (1.11.0):
    - BNBEffectPlayer (= 1.11.0)
    - BNBScripting (= 1.11.0)
    - BNBSdkCore (= 1.11.0)
  - BNBBody (1.11.0):
    - BNBEffectPlayer (= 1.11.0)
    - BNBScripting (= 1.11.0)
    - BNBSdkCore (= 1.11.0)
  - BNBEffectPlayer (1.11.0)
  - BNBEyes (1.11.0):
    - BNBEffectPlayer (= 1.11.0)
    - BNBFaceTracker (= 1.11.0)
    - BNBScripting (= 1.11.0)
    - BNBSdkCore (= 1.11.0)
  - BNBFaceTracker (1.11.0):
    - BNBEffectPlayer (= 1.11.0)
    - BNBScripting (= 1.11.0)
    - BNBSdkCore (= 1.11.0)
  - BNBFaceTrackerLite (1.11.0):
    - BNBEffectPlayer (= 1.11.0)
    - BNBScripting (= 1.11.0)
    - BNBSdkCore (= 1.11.0)
  - BNBHair (1.11.0):
    - BNBEffectPlayer (= 1.11.0)
    - BNBScripting (= 1.11.0)
    - BNBSdkCore (= 1.11.0)
  - BNBHands (1.11.0):
    - BNBEffectPlayer (= 1.11.0)
    - BNBScripting (= 1.11.0)
    - BNBSdkCore (= 1.11.0)
  - BNBLips (1.11.0):
    - BNBEffectPlayer (= 1.11.0)
    - BNBFaceTracker (= 1.11.0)
    - BNBScripting (= 1.11.0)
    - BNBSdkCore (= 1.11.0)
  - BNBNeurobeautyMakeup (1.11.0):
    - BNBEffectPlayer (= 1.11.0)
    - BNBFaceTracker (= 1.11.0)
    - BNBScripting (= 1.11.0)
    - BNBSdkCore (= 1.11.0)
  - BNBOcclusion (1.11.0):
    - BNBEffectPlayer (= 1.11.0)
    - BNBFaceTracker (= 1.11.0)
    - BNBScripting (= 1.11.0)
    - BNBSdkCore (= 1.11.0)
  - BNBScripting (1.11.0)
  - BNBSdkApi (1.11.0):
    - BNBSdkCore (= 1.11.0)
  - BNBSdkCore (1.11.0)
  - BNBSkin (1.11.0):
    - BNBEffectPlayer (= 1.11.0)
    - BNBScripting (= 1.11.0)
    - BNBSdkCore (= 1.11.0)
  - BNBWatch (1.11.0):
    - BNBEffectPlayer (= 1.11.0)
    - BNBScripting (= 1.11.0)
    - BNBSdkCore (= 1.11.0)
  - Flutter (1.0.0)
  - fluttertoast (0.0.2):
    - Flutter
    - Toast
  - image_picker_ios (0.0.1):
    - Flutter
  - path_provider_foundation (0.0.1):
    - Flutter
    - FlutterMacOS
  - permission_handler_apple (9.1.1):
    - Flutter
  - Toast (4.1.0)

DEPENDENCIES:
  - banuba_sdk (from `.symlinks/plugins/banuba_sdk/ios`)
  - Flutter (from `Flutter`)
  - fluttertoast (from `.symlinks/plugins/fluttertoast/ios`)
  - image_picker_ios (from `.symlinks/plugins/image_picker_ios/ios`)
  - path_provider_foundation (from `.symlinks/plugins/path_provider_foundation/ios`)
  - permission_handler_apple (from `.symlinks/plugins/permission_handler_apple/ios`)

SPEC REPOS:
  https://github.com/CocoaPods/Specs.git:
    - Toast
  https://github.com/sdk-banuba/banuba-sdk-podspecs:
    - BNBAcneEyebagsRemoval
    - BNBBackground
    - BNBBody
    - BNBEffectPlayer
    - BNBEyes
    - BNBFaceTracker
    - BNBFaceTrackerLite
    - BNBHair
    - BNBHands
    - BNBLips
    - BNBNeurobeautyMakeup
    - BNBOcclusion
    - BNBScripting
    - BNBSdkApi
    - BNBSdkCore
    - BNBSkin
    - BNBWatch

EXTERNAL SOURCES:
  banuba_sdk:
    :path: ".symlinks/plugins/banuba_sdk/ios"
  Flutter:
    :path: Flutter
  fluttertoast:
    :path: ".symlinks/plugins/fluttertoast/ios"
  image_picker_ios:
    :path: ".symlinks/plugins/image_picker_ios/ios"
  path_provider_foundation:
    :path: ".symlinks/plugins/path_provider_foundation/ios"
  permission_handler_apple:
    :path: ".symlinks/plugins/permission_handler_apple/ios"

SPEC CHECKSUMS:
  banuba_sdk: 6ef61721b797079242921e08090ffc1bc11c1c61
  BNBAcneEyebagsRemoval: 8a5c86543c5c8b22ab7f8003fcd120b4840e0a9c
  BNBBackground: ca0d0acdb77d1c6f14b6f9a8d7a2255998415945
  BNBBody: 3a9d6c131c88259acd4fc74c3b161b1106563806
  BNBEffectPlayer: 2f1daf3457c39e6a374d0e0e871ee797d74edd3b
  BNBEyes: b98c2f2057bbc0008562b76033e31394d9c706f3
  BNBFaceTracker: 97893e71c6c7c74d80a92660fe2fd89daff196ce
  BNBFaceTrackerLite: dcede89f07ba3c4df7e3381c1c308624e9a33be2
  BNBHair: c5d44389fb04de4a050b9c17f736cacf091259f9
  BNBHands: c30cba82e7b4041ff91893d8b96d32a9047b0ba1
  BNBLips: 10ec30a5ccc22591a9d5dee80794179ba93bb512
  BNBNeurobeautyMakeup: 75a18fdfe7c5abe635fca70fe8dbbf184481ca89
  BNBOcclusion: a355122fe9ba2dc2031037a9a0a590076d33a96b
  BNBScripting: dd98a9f0a12243e8f657c65a18dfc978f96e02eb
  BNBSdkApi: c36efb649120e00d761503fab6afe30ee93cbdbf
  BNBSdkCore: d648ce60a78ad1f368fc56f7c9cc4f61f96d4c4c
  BNBSkin: a597f401880d153a6a330dcee31771f864607a32
  BNBWatch: b04eef372d37d312cc81fbef9bea5033d23102cb
  Flutter: f04841e97a9d0b0a8025694d0796dd46242b2854
  fluttertoast: 31b00dabfa7fb7bacd9e7dbee580d7a2ff4bf265
  image_picker_ios: 4a8aadfbb6dc30ad5141a2ce3832af9214a705b5
  path_provider_foundation: 29f094ae23ebbca9d3d0cec13889cd9060c0e943
  permission_handler_apple: e76247795d700c14ea09e3a2d8855d41ee80a2e6
  Toast: ec33c32b8688982cecc6348adeae667c1b9938da

PODFILE CHECKSUM: b709fe4e441f0ba152e11b8804a009d0f948b49a

COCOAPODS: 1.14.3
